
Microsoft Visual Studio Solution File, Format Version 12.00
# Visual Studio Version 17
VisualStudioVersion = 17.13.35825.156
MinimumVisualStudioVersion = 10.0.40219.1
Project("{FAE04EC0-301F-11D3-BF4B-00C04F79EFBC}") = "EXERCICESXMLREADER", "EXERCICESXMLREADER\EXERCICESXMLREADER.csproj", "{8D3AA522-D960-4ED5-9AA5-42D04DD24350}"
EndProject
Project("{2150E333-8FDC-42A3-9474-1A3956D46DE8}") = "Éléments de solution", "Éléments de solution", "{9C8CB701-102D-CF49-A3E0-89AC09D42C2C}"
	ProjectSection(SolutionItems) = preProject
		..\..\..\Downloads\fichier.xml = ..\..\..\Downloads\fichier.xml
	EndProjectSection
EndProject
Global
	GlobalSection(SolutionConfigurationPlatforms) = preSolution
		Debug|Any CPU = Debug|Any CPU
		Release|Any CPU = Release|Any CPU
	EndGlobalSection
	GlobalSection(ProjectConfigurationPlatforms) = postSolution
		{8D3AA522-D960-4ED5-9AA5-42D04DD24350}.Debug|Any CPU.ActiveCfg = Debug|Any CPU
		{8D3AA522-D960-4ED5-9AA5-42D04DD24350}.Debug|Any CPU.Build.0 = Debug|Any CPU
		{8D3AA522-D960-4ED5-9AA5-42D04DD24350}.Release|Any CPU.ActiveCfg = Release|Any CPU
		{8D3AA522-D960-4ED5-9AA5-42D04DD24350}.Release|Any CPU.Build.0 = Release|Any CPU
	EndGlobalSection
	GlobalSection(SolutionProperties) = preSolution
		HideSolutionNode = FALSE
	EndGlobalSection
	GlobalSection(ExtensibilityGlobals) = postSolution
		SolutionGuid = {9CD0AE85-456A-4DAD-A678-B139C4A6D987}
	EndGlobalSection
EndGlobal
